// !$*UTF8*$!
{
	archiveVersion = 1;
	classes = {
	};
	objectVersion = 46;
	objects = {

/* Begin PBXBuildFile section */
		0BF973483B900AD0ABD39409 /* Pods_Weather.framework in Frameworks */ = {isa = PBXBuildFile; fileRef = 9D6FDF158B153E0F85A11DE3 /* Pods_Weather.framework */; };
		D419E15B1E6A90B90024B3C5 /* AppDelegate.swift in Sources */ = {isa = PBXBuildFile; fileRef = D419E15A1E6A90B90024B3C5 /* AppDelegate.swift */; };
		D419E1611E6A90D60024B3C5 /* LaunchScreen.storyboard in Resources */ = {isa = PBXBuildFile; fileRef = D419E15D1E6A90D60024B3C5 /* LaunchScreen.storyboard */; };
		D419E1621E6A90D60024B3C5 /* Main.storyboard in Resources */ = {isa = PBXBuildFile; fileRef = D419E15F1E6A90D60024B3C5 /* Main.storyboard */; };
		D419E1681E6A91080024B3C5 /* Assets.xcassets in Resources */ = {isa = PBXBuildFile; fileRef = D419E1651E6A91080024B3C5 /* Assets.xcassets */; };
		D419E1701E6A99610024B3C5 /* WeatherInformationTableViewController.swift in Sources */ = {isa = PBXBuildFile; fileRef = D419E16F1E6A99610024B3C5 /* WeatherInformationTableViewController.swift */; };
		D419E1721E6A9AE30024B3C5 /* WeatherInformationTableViewCell.swift in Sources */ = {isa = PBXBuildFile; fileRef = D419E1711E6A9AE30024B3C5 /* WeatherInformationTableViewCell.swift */; };
		D419E1731E6A9CC70024B3C5 /* Info.plist in Resources */ = {isa = PBXBuildFile; fileRef = D419E1671E6A91080024B3C5 /* Info.plist */; };
		D419E1791E6A9EFA0024B3C5 /* Constants.swift in Sources */ = {isa = PBXBuildFile; fileRef = D419E1751E6A9EFA0024B3C5 /* Constants.swift */; };
		D419E17A1E6A9EFA0024B3C5 /* Utility.swift in Sources */ = {isa = PBXBuildFile; fileRef = D419E1761E6A9EFA0024B3C5 /* Utility.swift */; };
		D419E17B1E6A9EFA0024B3C5 /* WebServiceHandler.swift in Sources */ = {isa = PBXBuildFile; fileRef = D419E1781E6A9EFA0024B3C5 /* WebServiceHandler.swift */; };
		D419E1961E6BD7070024B3C5 /* Clouds.swift in Sources */ = {isa = PBXBuildFile; fileRef = D419E18E1E6BD7070024B3C5 /* Clouds.swift */; };
		D419E1971E6BD7070024B3C5 /* Coord.swift in Sources */ = {isa = PBXBuildFile; fileRef = D419E18F1E6BD7070024B3C5 /* Coord.swift */; };
		D419E1981E6BD7070024B3C5 /* JSONCompatible.swift in Sources */ = {isa = PBXBuildFile; fileRef = D419E1901E6BD7070024B3C5 /* JSONCompatible.swift */; };
		D419E1991E6BD7070024B3C5 /* Main.swift in Sources */ = {isa = PBXBuildFile; fileRef = D419E1911E6BD7070024B3C5 /* Main.swift */; };
		D419E19A1E6BD7070024B3C5 /* Sys.swift in Sources */ = {isa = PBXBuildFile; fileRef = D419E1921E6BD7070024B3C5 /* Sys.swift */; };
		D419E19B1E6BD7070024B3C5 /* Weather.swift in Sources */ = {isa = PBXBuildFile; fileRef = D419E1931E6BD7070024B3C5 /* Weather.swift */; };
		D419E19C1E6BD7070024B3C5 /* WeatherInformation.swift in Sources */ = {isa = PBXBuildFile; fileRef = D419E1941E6BD7070024B3C5 /* WeatherInformation.swift */; };
		D419E19D1E6BD7070024B3C5 /* Wind.swift in Sources */ = {isa = PBXBuildFile; fileRef = D419E1951E6BD7070024B3C5 /* Wind.swift */; };
		D419E1A11E6BD7F10024B3C5 /* WeatherInformationBusinessLayer.swift in Sources */ = {isa = PBXBuildFile; fileRef = D419E1A01E6BD7F10024B3C5 /* WeatherInformationBusinessLayer.swift */; };
		D464E8F71E6DB5E1007CE1F4 /* WeatherDetailInformationViewController.swift in Sources */ = {isa = PBXBuildFile; fileRef = D464E8F61E6DB5E1007CE1F4 /* WeatherDetailInformationViewController.swift */; };
/* End PBXBuildFile section */

/* Begin PBXFileReference section */
		52F4DAD22D833E91FC9FF4AF /* Pods-Weather.release.xcconfig */ = {isa = PBXFileReference; includeInIndex = 1; lastKnownFileType = text.xcconfig; name = "Pods-Weather.release.xcconfig"; path = "Pods/Target Support Files/Pods-Weather/Pods-Weather.release.xcconfig"; sourceTree = "<group>"; };
		9D6FDF158B153E0F85A11DE3 /* Pods_Weather.framework */ = {isa = PBXFileReference; explicitFileType = wrapper.framework; includeInIndex = 0; path = Pods_Weather.framework; sourceTree = BUILT_PRODUCTS_DIR; };
		D419E1421E6A842F0024B3C5 /* Weather.app */ = {isa = PBXFileReference; explicitFileType = wrapper.application; includeInIndex = 0; path = Weather.app; sourceTree = BUILT_PRODUCTS_DIR; };
		D419E15A1E6A90B90024B3C5 /* AppDelegate.swift */ = {isa = PBXFileReference; fileEncoding = 4; lastKnownFileType = sourcecode.swift; path = AppDelegate.swift; sourceTree = "<group>"; };
		D419E15E1E6A90D60024B3C5 /* Base */ = {isa = PBXFileReference; lastKnownFileType = file.storyboard; name = Base; path = Base.lproj/LaunchScreen.storyboard; sourceTree = "<group>"; };
		D419E1601E6A90D60024B3C5 /* Base */ = {isa = PBXFileReference; lastKnownFileType = file.storyboard; name = Base; path = Base.lproj/Main.storyboard; sourceTree = "<group>"; };
		D419E1651E6A91080024B3C5 /* Assets.xcassets */ = {isa = PBXFileReference; lastKnownFileType = folder.assetcatalog; path = Assets.xcassets; sourceTree = "<group>"; };
		D419E1671E6A91080024B3C5 /* Info.plist */ = {isa = PBXFileReference; fileEncoding = 4; lastKnownFileType = text.plist.xml; path = Info.plist; sourceTree = "<group>"; };
		D419E16F1E6A99610024B3C5 /* WeatherInformationTableViewController.swift */ = {isa = PBXFileReference; fileEncoding = 4; lastKnownFileType = sourcecode.swift; path = WeatherInformationTableViewController.swift; sourceTree = "<group>"; };
		D419E1711E6A9AE30024B3C5 /* WeatherInformationTableViewCell.swift */ = {isa = PBXFileReference; fileEncoding = 4; lastKnownFileType = sourcecode.swift; path = WeatherInformationTableViewCell.swift; sourceTree = "<group>"; };
		D419E1751E6A9EFA0024B3C5 /* Constants.swift */ = {isa = PBXFileReference; fileEncoding = 4; lastKnownFileType = sourcecode.swift; path = Constants.swift; sourceTree = "<group>"; };
		D419E1761E6A9EFA0024B3C5 /* Utility.swift */ = {isa = PBXFileReference; fileEncoding = 4; lastKnownFileType = sourcecode.swift; path = Utility.swift; sourceTree = "<group>"; };
		D419E1781E6A9EFA0024B3C5 /* WebServiceHandler.swift */ = {isa = PBXFileReference; fileEncoding = 4; lastKnownFileType = sourcecode.swift; path = WebServiceHandler.swift; sourceTree = "<group>"; };
		D419E18E1E6BD7070024B3C5 /* Clouds.swift */ = {isa = PBXFileReference; fileEncoding = 4; lastKnownFileType = sourcecode.swift; path = Clouds.swift; sourceTree = "<group>"; };
		D419E18F1E6BD7070024B3C5 /* Coord.swift */ = {isa = PBXFileReference; fileEncoding = 4; lastKnownFileType = sourcecode.swift; path = Coord.swift; sourceTree = "<group>"; };
		D419E1901E6BD7070024B3C5 /* JSONCompatible.swift */ = {isa = PBXFileReference; fileEncoding = 4; lastKnownFileType = sourcecode.swift; path = JSONCompatible.swift; sourceTree = "<group>"; };
		D419E1911E6BD7070024B3C5 /* Main.swift */ = {isa = PBXFileReference; fileEncoding = 4; lastKnownFileType = sourcecode.swift; path = Main.swift; sourceTree = "<group>"; };
		D419E1921E6BD7070024B3C5 /* Sys.swift */ = {isa = PBXFileReference; fileEncoding = 4; lastKnownFileType = sourcecode.swift; path = Sys.swift; sourceTree = "<group>"; };
		D419E1931E6BD7070024B3C5 /* Weather.swift */ = {isa = PBXFileReference; fileEncoding = 4; lastKnownFileType = sourcecode.swift; path = Weather.swift; sourceTree = "<group>"; };
		D419E1941E6BD7070024B3C5 /* WeatherInformation.swift */ = {isa = PBXFileReference; fileEncoding = 4; lastKnownFileType = sourcecode.swift; path = WeatherInformation.swift; sourceTree = "<group>"; };
		D419E1951E6BD7070024B3C5 /* Wind.swift */ = {isa = PBXFileReference; fileEncoding = 4; lastKnownFileType = sourcecode.swift; path = Wind.swift; sourceTree = "<group>"; };
		D419E1A01E6BD7F10024B3C5 /* WeatherInformationBusinessLayer.swift */ = {isa = PBXFileReference; fileEncoding = 4; lastKnownFileType = sourcecode.swift; path = WeatherInformationBusinessLayer.swift; sourceTree = "<group>"; };
		D464E8F61E6DB5E1007CE1F4 /* WeatherDetailInformationViewController.swift */ = {isa = PBXFileReference; fileEncoding = 4; lastKnownFileType = sourcecode.swift; path = WeatherDetailInformationViewController.swift; sourceTree = "<group>"; };
		EA8B5BE4A472BFDD1171B226 /* Pods-Weather.debug.xcconfig */ = {isa = PBXFileReference; includeInIndex = 1; lastKnownFileType = text.xcconfig; name = "Pods-Weather.debug.xcconfig"; path = "Pods/Target Support Files/Pods-Weather/Pods-Weather.debug.xcconfig"; sourceTree = "<group>"; };
/* End PBXFileReference section */

/* Begin PBXFrameworksBuildPhase section */
		D419E13F1E6A842F0024B3C5 /* Frameworks */ = {
			isa = PBXFrameworksBuildPhase;
			buildActionMask = 2147483647;
			files = (
				0BF973483B900AD0ABD39409 /* Pods_Weather.framework in Frameworks */,
			);
			runOnlyForDeploymentPostprocessing = 0;
		};
/* End PBXFrameworksBuildPhase section */

/* Begin PBXGroup section */
		0EFB184A62C2566620364E9B /* Pods */ = {
			isa = PBXGroup;
			children = (
				EA8B5BE4A472BFDD1171B226 /* Pods-Weather.debug.xcconfig */,
				52F4DAD22D833E91FC9FF4AF /* Pods-Weather.release.xcconfig */,
			);
			name = Pods;
			sourceTree = "<group>";
		};
		1918F72D1D6F5B592C4FDCB5 /* Frameworks */ = {
			isa = PBXGroup;
			children = (
				9D6FDF158B153E0F85A11DE3 /* Pods_Weather.framework */,
			);
			name = Frameworks;
			sourceTree = "<group>";
		};
		D419E1391E6A842F0024B3C5 = {
			isa = PBXGroup;
			children = (
				D419E1441E6A842F0024B3C5 /* Weather */,
				D419E1431E6A842F0024B3C5 /* Products */,
				0EFB184A62C2566620364E9B /* Pods */,
				1918F72D1D6F5B592C4FDCB5 /* Frameworks */,
			);
			sourceTree = "<group>";
		};
		D419E1431E6A842F0024B3C5 /* Products */ = {
			isa = PBXGroup;
			children = (
				D419E1421E6A842F0024B3C5 /* Weather.app */,
			);
			name = Products;
			sourceTree = "<group>";
		};
		D419E1441E6A842F0024B3C5 /* Weather */ = {
			isa = PBXGroup;
			children = (
				D419E19E1E6BD7BC0024B3C5 /* Business Layer */,
				D419E17C1E6BD5FA0024B3C5 /* Model */,
				D419E1741E6A9EFA0024B3C5 /* Utilities */,
				D419E16A1E6A91290024B3C5 /* View controllers */,
				D419E1631E6A91080024B3C5 /* Resources */,
				D419E15C1E6A90D60024B3C5 /* Storyboard */,
				D419E1591E6A90B90024B3C5 /* App delegate */,
			);
			path = Weather;
			sourceTree = "<group>";
		};
		D419E1591E6A90B90024B3C5 /* App delegate */ = {
			isa = PBXGroup;
			children = (
				D419E15A1E6A90B90024B3C5 /* AppDelegate.swift */,
			);
			path = "App delegate";
			sourceTree = "<group>";
		};
		D419E15C1E6A90D60024B3C5 /* Storyboard */ = {
			isa = PBXGroup;
			children = (
				D419E15D1E6A90D60024B3C5 /* LaunchScreen.storyboard */,
				D419E15F1E6A90D60024B3C5 /* Main.storyboard */,
			);
			path = Storyboard;
			sourceTree = "<group>";
		};
		D419E1631E6A91080024B3C5 /* Resources */ = {
			isa = PBXGroup;
			children = (
				D419E1641E6A91080024B3C5 /* Images */,
				D419E1661E6A91080024B3C5 /* Plist */,
			);
			path = Resources;
			sourceTree = "<group>";
		};
		D419E1641E6A91080024B3C5 /* Images */ = {
			isa = PBXGroup;
			children = (
				D419E1651E6A91080024B3C5 /* Assets.xcassets */,
			);
			path = Images;
			sourceTree = "<group>";
		};
		D419E1661E6A91080024B3C5 /* Plist */ = {
			isa = PBXGroup;
			children = (
				D419E1671E6A91080024B3C5 /* Info.plist */,
			);
			path = Plist;
			sourceTree = "<group>";
		};
		D419E16A1E6A91290024B3C5 /* View controllers */ = {
			isa = PBXGroup;
			children = (
				D464E8F51E6DB5CB007CE1F4 /* Weather Detail Information View Controller */,
				D419E16E1E6A993B0024B3C5 /* Weather Information Table view controller */,
			);
			path = "View controllers";
			sourceTree = "<group>";
		};
		D419E16E1E6A993B0024B3C5 /* Weather Information Table view controller */ = {
			isa = PBXGroup;
			children = (
				D419E16F1E6A99610024B3C5 /* WeatherInformationTableViewController.swift */,
				D419E1711E6A9AE30024B3C5 /* WeatherInformationTableViewCell.swift */,
			);
			path = "Weather Information Table view controller";
			sourceTree = "<group>";
		};
		D419E1741E6A9EFA0024B3C5 /* Utilities */ = {
			isa = PBXGroup;
			children = (
				D419E1751E6A9EFA0024B3C5 /* Constants.swift */,
				D419E1761E6A9EFA0024B3C5 /* Utility.swift */,
				D419E1771E6A9EFA0024B3C5 /* WebService Handler */,
			);
			path = Utilities;
			sourceTree = "<group>";
		};
		D419E1771E6A9EFA0024B3C5 /* WebService Handler */ = {
			isa = PBXGroup;
			children = (
				D419E1781E6A9EFA0024B3C5 /* WebServiceHandler.swift */,
			);
			path = "WebService Handler";
			sourceTree = "<group>";
		};
		D419E17C1E6BD5FA0024B3C5 /* Model */ = {
			isa = PBXGroup;
			children = (
				D419E17D1E6BD5FA0024B3C5 /* Weather Information */,
			);
			path = Model;
			sourceTree = "<group>";
		};
		D419E17D1E6BD5FA0024B3C5 /* Weather Information */ = {
			isa = PBXGroup;
			children = (
				D419E18E1E6BD7070024B3C5 /* Clouds.swift */,
				D419E18F1E6BD7070024B3C5 /* Coord.swift */,
				D419E1901E6BD7070024B3C5 /* JSONCompatible.swift */,
				D419E1911E6BD7070024B3C5 /* Main.swift */,
				D419E1921E6BD7070024B3C5 /* Sys.swift */,
				D419E1931E6BD7070024B3C5 /* Weather.swift */,
				D419E1941E6BD7070024B3C5 /* WeatherInformation.swift */,
				D419E1951E6BD7070024B3C5 /* Wind.swift */,
			);
			path = "Weather Information";
			sourceTree = "<group>";
		};
		D419E19E1E6BD7BC0024B3C5 /* Business Layer */ = {
			isa = PBXGroup;
			children = (
				D419E19F1E6BD7D50024B3C5 /* Weather Information Business Layer */,
			);
			path = "Business Layer";
			sourceTree = "<group>";
		};
		D419E19F1E6BD7D50024B3C5 /* Weather Information Business Layer */ = {
			isa = PBXGroup;
			children = (
				D419E1A01E6BD7F10024B3C5 /* WeatherInformationBusinessLayer.swift */,
			);
			path = "Weather Information Business Layer";
			sourceTree = "<group>";
		};
		D464E8F51E6DB5CB007CE1F4 /* Weather Detail Information View Controller */ = {
			isa = PBXGroup;
			children = (
				D464E8F61E6DB5E1007CE1F4 /* WeatherDetailInformationViewController.swift */,
			);
			path = "Weather Detail Information View Controller";
			sourceTree = "<group>";
		};
/* End PBXGroup section */

/* Begin PBXNativeTarget section */
		D419E1411E6A842F0024B3C5 /* Weather */ = {
			isa = PBXNativeTarget;
			buildConfigurationList = D419E1541E6A842F0024B3C5 /* Build configuration list for PBXNativeTarget "Weather" */;
			buildPhases = (
				794837F69BE0F763AFC59D3B /* [CP] Check Pods Manifest.lock */,
				D419E13E1E6A842F0024B3C5 /* Sources */,
				D419E13F1E6A842F0024B3C5 /* Frameworks */,
				D419E1401E6A842F0024B3C5 /* Resources */,
				74C845A6E4F93B3B5D79EAC4 /* [CP] Embed Pods Frameworks */,
				8EF4FC2FDC2A992E5C8B6496 /* [CP] Copy Pods Resources */,
			);
			buildRules = (
			);
			dependencies = (
			);
			name = Weather;
			productName = Weather;
			productReference = D419E1421E6A842F0024B3C5 /* Weather.app */;
			productType = "com.apple.product-type.application";
		};
/* End PBXNativeTarget section */

/* Begin PBXProject section */
		D419E13A1E6A842F0024B3C5 /* Project object */ = {
			isa = PBXProject;
			attributes = {
				LastSwiftUpdateCheck = 0820;
				LastUpgradeCheck = 0820;
				ORGANIZATIONNAME = "Pardeep chaudhary";
				TargetAttributes = {
					D419E1411E6A842F0024B3C5 = {
						CreatedOnToolsVersion = 8.2.1;
						ProvisioningStyle = Automatic;
					};
				};
			};
			buildConfigurationList = D419E13D1E6A842F0024B3C5 /* Build configuration list for PBXProject "Weather" */;
			compatibilityVersion = "Xcode 3.2";
			developmentRegion = English;
			hasScannedForEncodings = 0;
			knownRegions = (
				en,
				Base,
			);
			mainGroup = D419E1391E6A842F0024B3C5;
			productRefGroup = D419E1431E6A842F0024B3C5 /* Products */;
			projectDirPath = "";
			projectRoot = "";
			targets = (
				D419E1411E6A842F0024B3C5 /* Weather */,
			);
		};
/* End PBXProject section */

/* Begin PBXResourcesBuildPhase section */
		D419E1401E6A842F0024B3C5 /* Resources */ = {
			isa = PBXResourcesBuildPhase;
			buildActionMask = 2147483647;
			files = (
				D419E1731E6A9CC70024B3C5 /* Info.plist in Resources */,
				D419E1621E6A90D60024B3C5 /* Main.storyboard in Resources */,
				D419E1681E6A91080024B3C5 /* Assets.xcassets in Resources */,
				D419E1611E6A90D60024B3C5 /* LaunchScreen.storyboard in Resources */,
			);
			runOnlyForDeploymentPostprocessing = 0;
		};
/* End PBXResourcesBuildPhase section */

/* Begin PBXShellScriptBuildPhase section */
		74C845A6E4F93B3B5D79EAC4 /* [CP] Embed Pods Frameworks */ = {
			isa = PBXShellScriptBuildPhase;
			buildActionMask = 2147483647;
			files = (
			);
			inputPaths = (
			);
			name = "[CP] Embed Pods Frameworks";
			outputPaths = (
			);
			runOnlyForDeploymentPostprocessing = 0;
			shellPath = /bin/sh;
			shellScript = "\"${SRCROOT}/Pods/Target Support Files/Pods-Weather/Pods-Weather-frameworks.sh\"\n";
			showEnvVarsInLog = 0;
		};
		794837F69BE0F763AFC59D3B /* [CP] Check Pods Manifest.lock */ = {
			isa = PBXShellScriptBuildPhase;
			buildActionMask = 2147483647;
			files = (
			);
			inputPaths = (
			);
			name = "[CP] Check Pods Manifest.lock";
			outputPaths = (
			);
			runOnlyForDeploymentPostprocessing = 0;
			shellPath = /bin/sh;
			shellScript = "diff \"${PODS_ROOT}/../Podfile.lock\" \"${PODS_ROOT}/Manifest.lock\" > /dev/null\nif [ $? != 0 ] ; then\n    # print error to STDERR\n    echo \"error: The sandbox is not in sync with the Podfile.lock. Run 'pod install' or update your CocoaPods installation.\" >&2\n    exit 1\nfi\n";
			showEnvVarsInLog = 0;
		};
		8EF4FC2FDC2A992E5C8B6496 /* [CP] Copy Pods Resources */ = {
			isa = PBXShellScriptBuildPhase;
			buildActionMask = 2147483647;
			files = (
			);
			inputPaths = (
			);
			name = "[CP] Copy Pods Resources";
			outputPaths = (
			);
			runOnlyForDeploymentPostprocessing = 0;
			shellPath = /bin/sh;
			shellScript = "\"${SRCROOT}/Pods/Target Support Files/Pods-Weather/Pods-Weather-resources.sh\"\n";
			showEnvVarsInLog = 0;
		};
/* End PBXShellScriptBuildPhase section */

/* Begin PBXSourcesBuildPhase section */
		D419E13E1E6A842F0024B3C5 /* Sources */ = {
			isa = PBXSourcesBuildPhase;
			buildActionMask = 2147483647;
			files = (
				D419E1791E6A9EFA0024B3C5 /* Constants.swift in Sources */,
				D419E1961E6BD7070024B3C5 /* Clouds.swift in Sources */,
				D419E1991E6BD7070024B3C5 /* Main.swift in Sources */,
				D464E8F71E6DB5E1007CE1F4 /* WeatherDetailInformationViewController.swift in Sources */,
				D419E1971E6BD7070024B3C5 /* Coord.swift in Sources */,
				D419E17A1E6A9EFA0024B3C5 /* Utility.swift in Sources */,
				D419E17B1E6A9EFA0024B3C5 /* WebServiceHandler.swift in Sources */,
				D419E1721E6A9AE30024B3C5 /* WeatherInformationTableViewCell.swift in Sources */,
				D419E19B1E6BD7070024B3C5 /* Weather.swift in Sources */,
				D419E19C1E6BD7070024B3C5 /* WeatherInformation.swift in Sources */,
				D419E15B1E6A90B90024B3C5 /* AppDelegate.swift in Sources */,
				D419E19D1E6BD7070024B3C5 /* Wind.swift in Sources */,
				D419E1701E6A99610024B3C5 /* WeatherInformationTableViewController.swift in Sources */,
				D419E1981E6BD7070024B3C5 /* JSONCompatible.swift in Sources */,
				D419E19A1E6BD7070024B3C5 /* Sys.swift in Sources */,
				D419E1A11E6BD7F10024B3C5 /* WeatherInformationBusinessLayer.swift in Sources */,
			);
			runOnlyForDeploymentPostprocessing = 0;
		};
/* End PBXSourcesBuildPhase section */

/* Begin PBXVariantGroup section */
		D419E15D1E6A90D60024B3C5 /* LaunchScreen.storyboard */ = {
			isa = PBXVariantGroup;
			children = (
				D419E15E1E6A90D60024B3C5 /* Base */,
			);
			name = LaunchScreen.storyboard;
			sourceTree = "<group>";
		};
		D419E15F1E6A90D60024B3C5 /* Main.storyboard */ = {
			isa = PBXVariantGroup;
			children = (
				D419E1601E6A90D60024B3C5 /* Base */,
			);
			name = Main.storyboard;
			sourceTree = "<group>";
		};
/* End PBXVariantGroup section */

/* Begin XCBuildConfiguration section */
		D419E1521E6A842F0024B3C5 /* Debug */ = {
			isa = XCBuildConfiguration;
			buildSettings = {
				ALWAYS_SEARCH_USER_PATHS = NO;
				CLANG_ANALYZER_NONNULL = YES;
				CLANG_CXX_LANGUAGE_STANDARD = "gnu++0x";
				CLANG_CXX_LIBRARY = "libc++";
				CLANG_ENABLE_MODULES = YES;
				CLANG_ENABLE_OBJC_ARC = YES;
				CLANG_WARN_BOOL_CONVERSION = YES;
				CLANG_WARN_CONSTANT_CONVERSION = YES;
				CLANG_WARN_DIRECT_OBJC_ISA_USAGE = YES_ERROR;
				CLANG_WARN_DOCUMENTATION_COMMENTS = YES;
				CLANG_WARN_EMPTY_BODY = YES;
				CLANG_WARN_ENUM_CONVERSION = YES;
				CLANG_WARN_INFINITE_RECURSION = YES;
				CLANG_WARN_INT_CONVERSION = YES;
				CLANG_WARN_OBJC_ROOT_CLASS = YES_ERROR;
				CLANG_WARN_SUSPICIOUS_MOVE = YES;
				CLANG_WARN_UNREACHABLE_CODE = YES;
				CLANG_WARN__DUPLICATE_METHOD_MATCH = YES;
				"CODE_SIGN_IDENTITY[sdk=iphoneos*]" = "iPhone Developer";
				COPY_PHASE_STRIP = NO;
				DEBUG_INFORMATION_FORMAT = dwarf;
				ENABLE_STRICT_OBJC_MSGSEND = YES;
				ENABLE_TESTABILITY = YES;
				GCC_C_LANGUAGE_STANDARD = gnu99;
				GCC_DYNAMIC_NO_PIC = NO;
				GCC_NO_COMMON_BLOCKS = YES;
				GCC_OPTIMIZATION_LEVEL = 0;
				GCC_PREPROCESSOR_DEFINITIONS = (
					"DEBUG=1",
					"$(inherited)",
				);
				GCC_WARN_64_TO_32_BIT_CONVERSION = YES;
				GCC_WARN_ABOUT_RETURN_TYPE = YES_ERROR;
				GCC_WARN_UNDECLARED_SELECTOR = YES;
				GCC_WARN_UNINITIALIZED_AUTOS = YES_AGGRESSIVE;
				GCC_WARN_UNUSED_FUNCTION = YES;
				GCC_WARN_UNUSED_VARIABLE = YES;
				IPHONEOS_DEPLOYMENT_TARGET = 10.2;
				MTL_ENABLE_DEBUG_INFO = YES;
				ONLY_ACTIVE_ARCH = YES;
				SDKROOT = iphoneos;
				SWIFT_ACTIVE_COMPILATION_CONDITIONS = DEBUG;
				SWIFT_OPTIMIZATION_LEVEL = "-Onone";
			};
			name = Debug;
		};
		D419E1531E6A842F0024B3C5 /* Release */ = {
			isa = XCBuildConfiguration;
			buildSettings = {
				ALWAYS_SEARCH_USER_PATHS = NO;
				CLANG_ANALYZER_NONNULL = YES;
				CLANG_CXX_LANGUAGE_STANDARD = "gnu++0x";
				CLANG_CXX_LIBRARY = "libc++";
				CLANG_ENABLE_MODULES = YES;
				CLANG_ENABLE_OBJC_ARC = YES;
				CLANG_WARN_BOOL_CONVERSION = YES;
				CLANG_WARN_CONSTANT_CONVERSION = YES;
				CLANG_WARN_DIRECT_OBJC_ISA_USAGE = YES_ERROR;
				CLANG_WARN_DOCUMENTATION_COMMENTS = YES;
				CLANG_WARN_EMPTY_BODY = YES;
				CLANG_WARN_ENUM_CONVERSION = YES;
				CLANG_WARN_INFINITE_RECURSION = YES;
				CLANG_WARN_INT_CONVERSION = YES;
				CLANG_WARN_OBJC_ROOT_CLASS = YES_ERROR;
				CLANG_WARN_SUSPICIOUS_MOVE = YES;
				CLANG_WARN_UNREACHABLE_CODE = YES;
				CLANG_WARN__DUPLICATE_METHOD_MATCH = YES;
				"CODE_SIGN_IDENTITY[sdk=iphoneos*]" = "iPhone Developer";
				COPY_PHASE_STRIP = NO;
				DEBUG_INFORMATION_FORMAT = "dwarf-with-dsym";
				ENABLE_NS_ASSERTIONS = NO;
				ENABLE_STRICT_OBJC_MSGSEND = YES;
				GCC_C_LANGUAGE_STANDARD = gnu99;
				GCC_NO_COMMON_BLOCKS = YES;
				GCC_WARN_64_TO_32_BIT_CONVERSION = YES;
				GCC_WARN_ABOUT_RETURN_TYPE = YES_ERROR;
				GCC_WARN_UNDECLARED_SELECTOR = YES;
				GCC_WARN_UNINITIALIZED_AUTOS = YES_AGGRESSIVE;
				GCC_WARN_UNUSED_FUNCTION = YES;
				GCC_WARN_UNUSED_VARIABLE = YES;
				IPHONEOS_DEPLOYMENT_TARGET = 10.2;
				MTL_ENABLE_DEBUG_INFO = NO;
				SDKROOT = iphoneos;
				SWIFT_OPTIMIZATION_LEVEL = "-Owholemodule";
				VALIDATE_PRODUCT = YES;
			};
			name = Release;
		};
		D419E1551E6A842F0024B3C5 /* Debug */ = {
			isa = XCBuildConfiguration;
			baseConfigurationReference = EA8B5BE4A472BFDD1171B226 /* Pods-Weather.debug.xcconfig */;
			buildSettings = {
				ALWAYS_EMBED_SWIFT_STANDARD_LIBRARIES = YES;
				ASSETCATALOG_COMPILER_APPICON_NAME = AppIcon;
				INFOPLIST_FILE = "$(SRCROOT)/Weather/Resources/Plist/Info.plist";
				IPHONEOS_DEPLOYMENT_TARGET = 8.0;
				LD_RUNPATH_SEARCH_PATHS = "$(inherited) @executable_path/Frameworks";
				PRODUCT_BUNDLE_IDENTIFIER = com.programmingcrew.Weather;
				PRODUCT_NAME = "$(TARGET_NAME)";
				SWIFT_VERSION = 3.0;
			};
			name = Debug;
		};
		D419E1561E6A842F0024B3C5 /* Release */ = {
			isa = XCBuildConfiguration;
			baseConfigurationReference = 52F4DAD22D833E91FC9FF4AF /* Pods-Weather.release.xcconfig */;
			buildSettings = {
				ALWAYS_EMBED_SWIFT_STANDARD_LIBRARIES = YES;
				ASSETCATALOG_COMPILER_APPICON_NAME = AppIcon;
				INFOPLIST_FILE = "$(SRCROOT)/Weather/Resources/Plist/Info.plist";
				IPHONEOS_DEPLOYMENT_TARGET = 8.0;
				LD_RUNPATH_SEARCH_PATHS = "$(inherited) @executable_path/Frameworks";
				PRODUCT_BUNDLE_IDENTIFIER = com.programmingcrew.Weather;
				PRODUCT_NAME = "$(TARGET_NAME)";
				SWIFT_VERSION = 3.0;
			};
			name = Release;
		};
/* End XCBuildConfiguration section */

/* Begin XCConfigurationList section */
		D419E13D1E6A842F0024B3C5 /* Build configuration list for PBXProject "Weather" */ = {
			isa = XCConfigurationList;
			buildConfigurations = (
				D419E1521E6A842F0024B3C5 /* Debug */,
				D419E1531E6A842F0024B3C5 /* Release */,
			);
			defaultConfigurationIsVisible = 0;
			defaultConfigurationName = Release;
		};
		D419E1541E6A842F0024B3C5 /* Build configuration list for PBXNativeTarget "Weather" */ = {
			isa = XCConfigurationList;
			buildConfigurations = (
				D419E1551E6A842F0024B3C5 /* Debug */,
				D419E1561E6A842F0024B3C5 /* Release */,
			);
			defaultConfigurationIsVisible = 0;
			defaultConfigurationName = Release;
		};
/* End XCConfigurationList section */
	};
	rootObject = D419E13A1E6A842F0024B3C5 /* Project object */;
}
